
Microsoft Visual Studio Solution File, Format Version 12.00
# Visual Studio Version 16
VisualStudioVersion = 16.0.31019.35
MinimumVisualStudioVersion = 10.0.40219.1
Project("{FAE04EC0-301F-11D3-BF4B-00C04F79EFBC}") = "ControlCalculator", "ControlCalculator\ControlCalculator.csproj", "{A89BA2E5-BF6A-48E9-8AD0-C2E99B20458D}"
EndProject
Global
	GlobalSection(SolutionConfigurationPlatforms) = preSolution
		Debug|Any CPU = Debug|Any CPU
		Release|Any CPU = Release|Any CPU
	EndGlobalSection
	GlobalSection(ProjectConfigurationPlatforms) = postSolution
		{A89BA2E5-BF6A-48E9-8AD0-C2E99B20458D}.Debug|Any CPU.ActiveCfg = Debug|Any CPU
		{A89BA2E5-BF6A-48E9-8AD0-C2E99B20458D}.Debug|Any CPU.Build.0 = Debug|Any CPU
		{A89BA2E5-BF6A-48E9-8AD0-C2E99B20458D}.Release|Any CPU.ActiveCfg = Release|Any CPU
		{A89BA2E5-BF6A-48E9-8AD0-C2E99B20458D}.Release|Any CPU.Build.0 = Release|Any CPU
	EndGlobalSection
	GlobalSection(SolutionProperties) = preSolution
		HideSolutionNode = FALSE
	EndGlobalSection
	GlobalSection(ExtensibilityGlobals) = postSolution
		SolutionGuid = {DFC4368D-2B9E-4569-A35E-31AEB5A9DDA4}
	EndGlobalSection
EndGlobal
